
Microsoft Visual Studio Solution File, Format Version 12.00
# Visual Studio Version 16
VisualStudioVersion = 16.0.31205.134
MinimumVisualStudioVersion = 10.0.40219.1
Project("{FAE04EC0-301F-11D3-BF4B-00C04F79EFBC}") = "IbradnzMealBuilder", "IbradnzMealBuilder.csproj", "{9F268BDD-8628-4A11-93F5-294B818B8453}"
EndProject
Project("{FAE04EC0-301F-11D3-BF4B-00C04F79EFBC}") = "IbradnzMealBuilder.Core", "..\IbradnzMealBuilder.Core\IbradnzMealBuilder.Core.csproj", "{F75EBAF7-FCF7-4EEC-91B6-8F45EB17F044}"
EndProject
Project("{FAE04EC0-301F-11D3-BF4B-00C04F79EFBC}") = "IbradnzMealBuilder.Data", "..\IbradnzMealBuilder.Data\IbradnzMealBuilder.Data.csproj", "{53B04C2A-5A52-4745-BE14-6BA9E238B0B6}"
EndProject
Project("{FAE04EC0-301F-11D3-BF4B-00C04F79EFBC}") = "IbradnzMealBuilder.Service", "..\IbradnzMealBuilder.Service\IbradnzMealBuilder.Service.csproj", "{99F0EA48-4B7D-4520-98DB-26A7B4BD381C}"
EndProject
Project("{FAE04EC0-301F-11D3-BF4B-00C04F79EFBC}") = "IbradnzMealBuilder.Utility", "..\IbradnzMealBuilder.Utility\IbradnzMealBuilder.Utility.csproj", "{F03A07A0-46E9-4DC9-A8D9-63AF6D6EDA65}"
EndProject
Global
	GlobalSection(SolutionConfigurationPlatforms) = preSolution
		Debug|Any CPU = Debug|Any CPU
		Release|Any CPU = Release|Any CPU
	EndGlobalSection
	GlobalSection(ProjectConfigurationPlatforms) = postSolution
		{9F268BDD-8628-4A11-93F5-294B818B8453}.Debug|Any CPU.ActiveCfg = Debug|Any CPU
		{9F268BDD-8628-4A11-93F5-294B818B8453}.Debug|Any CPU.Build.0 = Debug|Any CPU
		{9F268BDD-8628-4A11-93F5-294B818B8453}.Release|Any CPU.ActiveCfg = Release|Any CPU
		{9F268BDD-8628-4A11-93F5-294B818B8453}.Release|Any CPU.Build.0 = Release|Any CPU
		{F75EBAF7-FCF7-4EEC-91B6-8F45EB17F044}.Debug|Any CPU.ActiveCfg = Debug|Any CPU
		{F75EBAF7-FCF7-4EEC-91B6-8F45EB17F044}.Debug|Any CPU.Build.0 = Debug|Any CPU
		{F75EBAF7-FCF7-4EEC-91B6-8F45EB17F044}.Release|Any CPU.ActiveCfg = Release|Any CPU
		{F75EBAF7-FCF7-4EEC-91B6-8F45EB17F044}.Release|Any CPU.Build.0 = Release|Any CPU
		{53B04C2A-5A52-4745-BE14-6BA9E238B0B6}.Debug|Any CPU.ActiveCfg = Debug|Any CPU
		{53B04C2A-5A52-4745-BE14-6BA9E238B0B6}.Debug|Any CPU.Build.0 = Debug|Any CPU
		{53B04C2A-5A52-4745-BE14-6BA9E238B0B6}.Release|Any CPU.ActiveCfg = Release|Any CPU
		{53B04C2A-5A52-4745-BE14-6BA9E238B0B6}.Release|Any CPU.Build.0 = Release|Any CPU
		{99F0EA48-4B7D-4520-98DB-26A7B4BD381C}.Debug|Any CPU.ActiveCfg = Debug|Any CPU
		{99F0EA48-4B7D-4520-98DB-26A7B4BD381C}.Debug|Any CPU.Build.0 = Debug|Any CPU
		{99F0EA48-4B7D-4520-98DB-26A7B4BD381C}.Release|Any CPU.ActiveCfg = Release|Any CPU
		{99F0EA48-4B7D-4520-98DB-26A7B4BD381C}.Release|Any CPU.Build.0 = Release|Any CPU
		{F03A07A0-46E9-4DC9-A8D9-63AF6D6EDA65}.Debug|Any CPU.ActiveCfg = Debug|Any CPU
		{F03A07A0-46E9-4DC9-A8D9-63AF6D6EDA65}.Debug|Any CPU.Build.0 = Debug|Any CPU
		{F03A07A0-46E9-4DC9-A8D9-63AF6D6EDA65}.Release|Any CPU.ActiveCfg = Release|Any CPU
		{F03A07A0-46E9-4DC9-A8D9-63AF6D6EDA65}.Release|Any CPU.Build.0 = Release|Any CPU
	EndGlobalSection
	GlobalSection(SolutionProperties) = preSolution
		HideSolutionNode = FALSE
	EndGlobalSection
	GlobalSection(ExtensibilityGlobals) = postSolution
		SolutionGuid = {86AB71D2-9ECE-4E43-848E-EF7420BEA9C4}
	EndGlobalSection
EndGlobal
